# THIS IS AN AUTOGENERATED FILE. DO NOT EDIT THIS FILE DIRECTLY.
# yarn lockfile v1


heap-js@^2.3.0:
  version "2.3.0"
  resolved "https://registry.yarnpkg.com/heap-js/-/heap-js-2.3.0.tgz#8eed2cede31ec312aa696eef1d4df0565841f183"
  integrity sha512-E5303mzwQ+4j/n2J0rDvEPBN7GKjhis10oHiYOgjxsmxYgqG++hz9NyLLOXttzH8as/DyiBHYpUrJTZWYaMo8Q==
